// !$*UTF8*$!
{
	archiveVersion = 1;
	classes = {
	};
	objectVersion = 56;
	objects = {

/* Begin PBXBuildFile section */
		67A48FA92B97061100723DD1 /* CountryData.swift in Sources */ = {isa = PBXBuildFile; fileRef = 67A48FA82B97061100723DD1 /* CountryData.swift */; };
		67A48FAB2B97096400723DD1 /* WebViewController.swift in Sources */ = {isa = PBXBuildFile; fileRef = 67A48FAA2B97096400723DD1 /* WebViewController.swift */; };
		67C99B8D2B96CA3E00FA3EFB /* AppDelegate.swift in Sources */ = {isa = PBXBuildFile; fileRef = 67C99B8C2B96CA3E00FA3EFB /* AppDelegate.swift */; };
		67C99B8F2B96CA3E00FA3EFB /* SceneDelegate.swift in Sources */ = {isa = PBXBuildFile; fileRef = 67C99B8E2B96CA3E00FA3EFB /* SceneDelegate.swift */; };
		67C99B912B96CA3E00FA3EFB /* CountryViewController.swift in Sources */ = {isa = PBXBuildFile; fileRef = 67C99B902B96CA3E00FA3EFB /* CountryViewController.swift */; };
		67C99B942B96CA3E00FA3EFB /* Main.storyboard in Resources */ = {isa = PBXBuildFile; fileRef = 67C99B922B96CA3E00FA3EFB /* Main.storyboard */; };
		67C99B962B96CA4100FA3EFB /* Assets.xcassets in Resources */ = {isa = PBXBuildFile; fileRef = 67C99B952B96CA4100FA3EFB /* Assets.xcassets */; };
		67C99B992B96CA4100FA3EFB /* LaunchScreen.storyboard in Resources */ = {isa = PBXBuildFile; fileRef = 67C99B972B96CA4100FA3EFB /* LaunchScreen.storyboard */; };
		67C99BA12B96CCE100FA3EFB /* FlagViewController.swift in Sources */ = {isa = PBXBuildFile; fileRef = 67C99BA02B96CCDE00FA3EFB /* FlagViewController.swift */; };
/* End PBXBuildFile section */

/* Begin PBXFileReference section */
		67A48FA82B97061100723DD1 /* CountryData.swift */ = {isa = PBXFileReference; lastKnownFileType = sourcecode.swift; path = CountryData.swift; sourceTree = "<group>"; };
		67A48FAA2B97096400723DD1 /* WebViewController.swift */ = {isa = PBXFileReference; lastKnownFileType = sourcecode.swift; path = WebViewController.swift; sourceTree = "<group>"; };
		67C99B892B96CA3E00FA3EFB /* FindFlag.app */ = {isa = PBXFileReference; explicitFileType = wrapper.application; includeInIndex = 0; path = FindFlag.app; sourceTree = BUILT_PRODUCTS_DIR; };
		67C99B8C2B96CA3E00FA3EFB /* AppDelegate.swift */ = {isa = PBXFileReference; lastKnownFileType = sourcecode.swift; path = AppDelegate.swift; sourceTree = "<group>"; };
		67C99B8E2B96CA3E00FA3EFB /* SceneDelegate.swift */ = {isa = PBXFileReference; lastKnownFileType = sourcecode.swift; path = SceneDelegate.swift; sourceTree = "<group>"; };
		67C99B902B96CA3E00FA3EFB /* CountryViewController.swift */ = {isa = PBXFileReference; lastKnownFileType = sourcecode.swift; path = CountryViewController.swift; sourceTree = "<group>"; };
		67C99B932B96CA3E00FA3EFB /* Base */ = {isa = PBXFileReference; lastKnownFileType = file.storyboard; name = Base; path = Base.lproj/Main.storyboard; sourceTree = "<group>"; };
		67C99B952B96CA4100FA3EFB /* Assets.xcassets */ = {isa = PBXFileReference; lastKnownFileType = folder.assetcatalog; path = Assets.xcassets; sourceTree = "<group>"; };
		67C99B982B96CA4100FA3EFB /* Base */ = {isa = PBXFileReference; lastKnownFileType = file.storyboard; name = Base; path = Base.lproj/LaunchScreen.storyboard; sourceTree = "<group>"; };
		67C99B9A2B96CA4100FA3EFB /* Info.plist */ = {isa = PBXFileReference; lastKnownFileType = text.plist.xml; path = Info.plist; sourceTree = "<group>"; };
		67C99BA02B96CCDE00FA3EFB /* FlagViewController.swift */ = {isa = PBXFileReference; lastKnownFileType = sourcecode.swift; path = FlagViewController.swift; sourceTree = "<group>"; };
/* End PBXFileReference section */

/* Begin PBXFrameworksBuildPhase section */
		67C99B862B96CA3E00FA3EFB /* Frameworks */ = {
			isa = PBXFrameworksBuildPhase;
			buildActionMask = 2147483647;
			files = (
			);
			runOnlyForDeploymentPostprocessing = 0;
		};
/* End PBXFrameworksBuildPhase section */

/* Begin PBXGroup section */
		67C99B802B96CA3E00FA3EFB = {
			isa = PBXGroup;
			children = (
				67C99B8B2B96CA3E00FA3EFB /* FindFlag */,
				67C99B8A2B96CA3E00FA3EFB /* Products */,
			);
			sourceTree = "<group>";
		};
		67C99B8A2B96CA3E00FA3EFB /* Products */ = {
			isa = PBXGroup;
			children = (
				67C99B892B96CA3E00FA3EFB /* FindFlag.app */,
			);
			name = Products;
			sourceTree = "<group>";
		};
		67C99B8B2B96CA3E00FA3EFB /* FindFlag */ = {
			isa = PBXGroup;
			children = (
				67C99B8C2B96CA3E00FA3EFB /* AppDelegate.swift */,
				67C99B8E2B96CA3E00FA3EFB /* SceneDelegate.swift */,
				67A48FA82B97061100723DD1 /* CountryData.swift */,
				67C99B902B96CA3E00FA3EFB /* CountryViewController.swift */,
				67C99BA02B96CCDE00FA3EFB /* FlagViewController.swift */,
				67A48FAA2B97096400723DD1 /* WebViewController.swift */,
				67C99B922B96CA3E00FA3EFB /* Main.storyboard */,
				67C99B952B96CA4100FA3EFB /* Assets.xcassets */,
				67C99B972B96CA4100FA3EFB /* LaunchScreen.storyboard */,
				67C99B9A2B96CA4100FA3EFB /* Info.plist */,
			);
			path = FindFlag;
			sourceTree = "<group>";
		};
/* End PBXGroup section */

/* Begin PBXNativeTarget section */
		67C99B882B96CA3E00FA3EFB /* FindFlag */ = {
			isa = PBXNativeTarget;
			buildConfigurationList = 67C99B9D2B96CA4100FA3EFB /* Build configuration list for PBXNativeTarget "FindFlag" */;
			buildPhases = (
				67C99B852B96CA3E00FA3EFB /* Sources */,
				67C99B862B96CA3E00FA3EFB /* Frameworks */,
				67C99B872B96CA3E00FA3EFB /* Resources */,
			);
			buildRules = (
			);
			dependencies = (
			);
			name = FindFlag;
			productName = HW8;
			productReference = 67C99B892B96CA3E00FA3EFB /* FindFlag.app */;
			productType = "com.apple.product-type.application";
		};
/* End PBXNativeTarget section */

/* Begin PBXProject section */
		67C99B812B96CA3E00FA3EFB /* Project object */ = {
			isa = PBXProject;
			attributes = {
				BuildIndependentTargetsInParallel = 1;
				LastSwiftUpdateCheck = 1520;
				LastUpgradeCheck = 1520;
				TargetAttributes = {
					67C99B882B96CA3E00FA3EFB = {
						CreatedOnToolsVersion = 15.2;
					};
				};
			};
			buildConfigurationList = 67C99B842B96CA3E00FA3EFB /* Build configuration list for PBXProject "FindFlag" */;
			compatibilityVersion = "Xcode 14.0";
			developmentRegion = en;
			hasScannedForEncodings = 0;
			knownRegions = (
				en,
				Base,
			);
			mainGroup = 67C99B802B96CA3E00FA3EFB;
			productRefGroup = 67C99B8A2B96CA3E00FA3EFB /* Products */;
			projectDirPath = "";
			projectRoot = "";
			targets = (
				67C99B882B96CA3E00FA3EFB /* FindFlag */,
			);
		};
/* End PBXProject section */

/* Begin PBXResourcesBuildPhase section */
		67C99B872B96CA3E00FA3EFB /* Resources */ = {
			isa = PBXResourcesBuildPhase;
			buildActionMask = 2147483647;
			files = (
				67C99B992B96CA4100FA3EFB /* LaunchScreen.storyboard in Resources */,
				67C99B962B96CA4100FA3EFB /* Assets.xcassets in Resources */,
				67C99B942B96CA3E00FA3EFB /* Main.storyboard in Resources */,
			);
			runOnlyForDeploymentPostprocessing = 0;
		};
/* End PBXResourcesBuildPhase section */

/* Begin PBXSourcesBuildPhase section */
		67C99B852B96CA3E00FA3EFB /* Sources */ = {
			isa = PBXSourcesBuildPhase;
			buildActionMask = 2147483647;
			files = (
				67C99B912B96CA3E00FA3EFB /* CountryViewController.swift in Sources */,
				67A48FAB2B97096400723DD1 /* WebViewController.swift in Sources */,
				67A48FA92B97061100723DD1 /* CountryData.swift in Sources */,
				67C99B8D2B96CA3E00FA3EFB /* AppDelegate.swift in Sources */,
				67C99B8F2B96CA3E00FA3EFB /* SceneDelegate.swift in Sources */,
				67C99BA12B96CCE100FA3EFB /* FlagViewController.swift in Sources */,
			);
			runOnlyForDeploymentPostprocessing = 0;
		};
/* End PBXSourcesBuildPhase section */

/* Begin PBXVariantGroup section */
		67C99B922B96CA3E00FA3EFB /* Main.storyboard */ = {
			isa = PBXVariantGroup;
			children = (
				67C99B932B96CA3E00FA3EFB /* Base */,
			);
			name = Main.storyboard;
			sourceTree = "<group>";
		};
		67C99B972B96CA4100FA3EFB /* LaunchScreen.storyboard */ = {
			isa = PBXVariantGroup;
			children = (
				67C99B982B96CA4100FA3EFB /* Base */,
			);
			name = LaunchScreen.storyboard;
			sourceTree = "<group>";
		};
/* End PBXVariantGroup section */

/* Begin XCBuildConfiguration section */
		67C99B9B2B96CA4100FA3EFB /* Debug */ = {
			isa = XCBuildConfiguration;
			buildSettings = {
				ALWAYS_SEARCH_USER_PATHS = NO;
				ASSETCATALOG_COMPILER_GENERATE_SWIFT_ASSET_SYMBOL_EXTENSIONS = YES;
				CLANG_ANALYZER_NONNULL = YES;
				CLANG_ANALYZER_NUMBER_OBJECT_CONVERSION = YES_AGGRESSIVE;
				CLANG_CXX_LANGUAGE_STANDARD = "gnu++20";
				CLANG_ENABLE_MODULES = YES;
				CLANG_ENABLE_OBJC_ARC = YES;
				CLANG_ENABLE_OBJC_WEAK = YES;
				CLANG_WARN_BLOCK_CAPTURE_AUTORELEASING = YES;
				CLANG_WARN_BOOL_CONVERSION = YES;
				CLANG_WARN_COMMA = YES;
				CLANG_WARN_CONSTANT_CONVERSION = YES;
				CLANG_WARN_DEPRECATED_OBJC_IMPLEMENTATIONS = YES;
				CLANG_WARN_DIRECT_OBJC_ISA_USAGE = YES_ERROR;
				CLANG_WARN_DOCUMENTATION_COMMENTS = YES;
				CLANG_WARN_EMPTY_BODY = YES;
				CLANG_WARN_ENUM_CONVERSION = YES;
				CLANG_WARN_INFINITE_RECURSION = YES;
				CLANG_WARN_INT_CONVERSION = YES;
				CLANG_WARN_NON_LITERAL_NULL_CONVERSION = YES;
				CLANG_WARN_OBJC_IMPLICIT_RETAIN_SELF = YES;
				CLANG_WARN_OBJC_LITERAL_CONVERSION = YES;
				CLANG_WARN_OBJC_ROOT_CLASS = YES_ERROR;
				CLANG_WARN_QUOTED_INCLUDE_IN_FRAMEWORK_HEADER = YES;
				CLANG_WARN_RANGE_LOOP_ANALYSIS = YES;
				CLANG_WARN_STRICT_PROTOTYPES = YES;
				CLANG_WARN_SUSPICIOUS_MOVE = YES;
				CLANG_WARN_UNGUARDED_AVAILABILITY = YES_AGGRESSIVE;
				CLANG_WARN_UNREACHABLE_CODE = YES;
				CLANG_WARN__DUPLICATE_METHOD_MATCH = YES;
				COPY_PHASE_STRIP = NO;
				DEBUG_INFORMATION_FORMAT = dwarf;
				ENABLE_STRICT_OBJC_MSGSEND = YES;
				ENABLE_TESTABILITY = YES;
				ENABLE_USER_SCRIPT_SANDBOXING = YES;
				GCC_C_LANGUAGE_STANDARD = gnu17;
				GCC_DYNAMIC_NO_PIC = NO;
				GCC_NO_COMMON_BLOCKS = YES;
				GCC_OPTIMIZATION_LEVEL = 0;
				GCC_PREPROCESSOR_DEFINITIONS = (
					"DEBUG=1",
					"$(inherited)",
				);
				GCC_WARN_64_TO_32_BIT_CONVERSION = YES;
				GCC_WARN_ABOUT_RETURN_TYPE = YES_ERROR;
				GCC_WARN_UNDECLARED_SELECTOR = YES;
				GCC_WARN_UNINITIALIZED_AUTOS = YES_AGGRESSIVE;
				GCC_WARN_UNUSED_FUNCTION = YES;
				GCC_WARN_UNUSED_VARIABLE = YES;
				IPHONEOS_DEPLOYMENT_TARGET = 17.2;
				LOCALIZATION_PREFERS_STRING_CATALOGS = YES;
				MTL_ENABLE_DEBUG_INFO = INCLUDE_SOURCE;
				MTL_FAST_MATH = YES;
				ONLY_ACTIVE_ARCH = YES;
				SDKROOT = iphoneos;
				SWIFT_ACTIVE_COMPILATION_CONDITIONS = "DEBUG $(inherited)";
				SWIFT_OPTIMIZATION_LEVEL = "-Onone";
			};
			name = Debug;
		};
		67C99B9C2B96CA4100FA3EFB /* Release */ = {
			isa = XCBuildConfiguration;
			buildSettings = {
				ALWAYS_SEARCH_USER_PATHS = NO;
				ASSETCATALOG_COMPILER_GENERATE_SWIFT_ASSET_SYMBOL_EXTENSIONS = YES;
				CLANG_ANALYZER_NONNULL = YES;
				CLANG_ANALYZER_NUMBER_OBJECT_CONVERSION = YES_AGGRESSIVE;
				CLANG_CXX_LANGUAGE_STANDARD = "gnu++20";
				CLANG_ENABLE_MODULES = YES;
				CLANG_ENABLE_OBJC_ARC = YES;
				CLANG_ENABLE_OBJC_WEAK = YES;
				CLANG_WARN_BLOCK_CAPTURE_AUTORELEASING = YES;
				CLANG_WARN_BOOL_CONVERSION = YES;
				CLANG_WARN_COMMA = YES;
				CLANG_WARN_CONSTANT_CONVERSION = YES;
				CLANG_WARN_DEPRECATED_OBJC_IMPLEMENTATIONS = YES;
				CLANG_WARN_DIRECT_OBJC_ISA_USAGE = YES_ERROR;
				CLANG_WARN_DOCUMENTATION_COMMENTS = YES;
				CLANG_WARN_EMPTY_BODY = YES;
				CLANG_WARN_ENUM_CONVERSION = YES;
				CLANG_WARN_INFINITE_RECURSION = YES;
				CLANG_WARN_INT_CONVERSION = YES;
				CLANG_WARN_NON_LITERAL_NULL_CONVERSION = YES;
				CLANG_WARN_OBJC_IMPLICIT_RETAIN_SELF = YES;
				CLANG_WARN_OBJC_LITERAL_CONVERSION = YES;
				CLANG_WARN_OBJC_ROOT_CLASS = YES_ERROR;
				CLANG_WARN_QUOTED_INCLUDE_IN_FRAMEWORK_HEADER = YES;
				CLANG_WARN_RANGE_LOOP_ANALYSIS = YES;
				CLANG_WARN_STRICT_PROTOTYPES = YES;
				CLANG_WARN_SUSPICIOUS_MOVE = YES;
				CLANG_WARN_UNGUARDED_AVAILABILITY = YES_AGGRESSIVE;
				CLANG_WARN_UNREACHABLE_CODE = YES;
				CLANG_WARN__DUPLICATE_METHOD_MATCH = YES;
				COPY_PHASE_STRIP = NO;
				DEBUG_INFORMATION_FORMAT = "dwarf-with-dsym";
				ENABLE_NS_ASSERTIONS = NO;
				ENABLE_STRICT_OBJC_MSGSEND = YES;
				ENABLE_USER_SCRIPT_SANDBOXING = YES;
				GCC_C_LANGUAGE_STANDARD = gnu17;
				GCC_NO_COMMON_BLOCKS = YES;
				GCC_WARN_64_TO_32_BIT_CONVERSION = YES;
				GCC_WARN_ABOUT_RETURN_TYPE = YES_ERROR;
				GCC_WARN_UNDECLARED_SELECTOR = YES;
				GCC_WARN_UNINITIALIZED_AUTOS = YES_AGGRESSIVE;
				GCC_WARN_UNUSED_FUNCTION = YES;
				GCC_WARN_UNUSED_VARIABLE = YES;
				IPHONEOS_DEPLOYMENT_TARGET = 17.2;
				LOCALIZATION_PREFERS_STRING_CATALOGS = YES;
				MTL_ENABLE_DEBUG_INFO = NO;
				MTL_FAST_MATH = YES;
				SDKROOT = iphoneos;
				SWIFT_COMPILATION_MODE = wholemodule;
				VALIDATE_PRODUCT = YES;
			};
			name = Release;
		};
		67C99B9E2B96CA4100FA3EFB /* Debug */ = {
			isa = XCBuildConfiguration;
			buildSettings = {
				ASSETCATALOG_COMPILER_APPICON_NAME = AppIcon;
				ASSETCATALOG_COMPILER_GLOBAL_ACCENT_COLOR_NAME = AccentColor;
				CODE_SIGN_STYLE = Automatic;
				CURRENT_PROJECT_VERSION = 1;
				GENERATE_INFOPLIST_FILE = YES;
				INFOPLIST_FILE = FindFlag/Info.plist;
				INFOPLIST_KEY_CFBundleDisplayName = FindFlag;
				INFOPLIST_KEY_UIApplicationSupportsIndirectInputEvents = YES;
				INFOPLIST_KEY_UILaunchStoryboardName = LaunchScreen;
				INFOPLIST_KEY_UIMainStoryboardFile = Main;
				INFOPLIST_KEY_UISupportedInterfaceOrientations = UIInterfaceOrientationPortrait;
				LD_RUNPATH_SEARCH_PATHS = (
					"$(inherited)",
					"@executable_path/Frameworks",
				);
				MARKETING_VERSION = 1.0;
				PRODUCT_BUNDLE_IDENTIFIER = com.jmula.FindFlag;
				PRODUCT_NAME = "$(TARGET_NAME)";
				SWIFT_EMIT_LOC_STRINGS = YES;
				SWIFT_VERSION = 5.0;
				TARGETED_DEVICE_FAMILY = "1,2";
			};
			name = Debug;
		};
		67C99B9F2B96CA4100FA3EFB /* Release */ = {
			isa = XCBuildConfiguration;
			buildSettings = {
				ASSETCATALOG_COMPILER_APPICON_NAME = AppIcon;
				ASSETCATALOG_COMPILER_GLOBAL_ACCENT_COLOR_NAME = AccentColor;
				CODE_SIGN_STYLE = Automatic;
				CURRENT_PROJECT_VERSION = 1;
				GENERATE_INFOPLIST_FILE = YES;
				INFOPLIST_FILE = FindFlag/Info.plist;
				INFOPLIST_KEY_CFBundleDisplayName = FindFlag;
				INFOPLIST_KEY_UIApplicationSupportsIndirectInputEvents = YES;
				INFOPLIST_KEY_UILaunchStoryboardName = LaunchScreen;
				INFOPLIST_KEY_UIMainStoryboardFile = Main;
				INFOPLIST_KEY_UISupportedInterfaceOrientations = UIInterfaceOrientationPortrait;
				LD_RUNPATH_SEARCH_PATHS = (
					"$(inherited)",
					"@executable_path/Frameworks",
				);
				MARKETING_VERSION = 1.0;
				PRODUCT_BUNDLE_IDENTIFIER = com.jmula.FindFlag;
				PRODUCT_NAME = "$(TARGET_NAME)";
				SWIFT_EMIT_LOC_STRINGS = YES;
				SWIFT_VERSION = 5.0;
				TARGETED_DEVICE_FAMILY = "1,2";
			};
			name = Release;
		};
/* End XCBuildConfiguration section */

/* Begin XCConfigurationList section */
		67C99B842B96CA3E00FA3EFB /* Build configuration list for PBXProject "FindFlag" */ = {
			isa = XCConfigurationList;
			buildConfigurations = (
				67C99B9B2B96CA4100FA3EFB /* Debug */,
				67C99B9C2B96CA4100FA3EFB /* Release */,
			);
			defaultConfigurationIsVisible = 0;
			defaultConfigurationName = Release;
		};
		67C99B9D2B96CA4100FA3EFB /* Build configuration list for PBXNativeTarget "FindFlag" */ = {
			isa = XCConfigurationList;
			buildConfigurations = (
				67C99B9E2B96CA4100FA3EFB /* Debug */,
				67C99B9F2B96CA4100FA3EFB /* Release */,
			);
			defaultConfigurationIsVisible = 0;
			defaultConfigurationName = Release;
		};
/* End XCConfigurationList section */
	};
	rootObject = 67C99B812B96CA3E00FA3EFB /* Project object */;
}
